
Microsoft Visual Studio Solution File, Format Version 12.00
# Visual Studio 15
VisualStudioVersion = 15.0.27130.2003
MinimumVisualStudioVersion = 10.0.40219.1
Project("{FAE04EC0-301F-11D3-BF4B-00C04F79EFBC}") = "UniqueChars", "UniqueChars\UniqueChars.csproj", "{612A40DC-CB86-498D-8A6A-21EC9EAE3E30}"
EndProject
Project("{FAE04EC0-301F-11D3-BF4B-00C04F79EFBC}") = "FavouriteAnimals", "FavouriteAnimals\FavouriteAnimals.csproj", "{80E3DCE4-F6BB-4EB1-ACE4-85AC134CFAD8}"
EndProject
Project("{FAE04EC0-301F-11D3-BF4B-00C04F79EFBC}") = "TakeMeToThe", "TakeMeToThe\TakeMeToThe.csproj", "{5751CBBD-98F4-4446-9DAE-7AAED41DDEE5}"
EndProject
Project("{FAE04EC0-301F-11D3-BF4B-00C04F79EFBC}") = "UniqueCharsTester", "UniqueCharsTester\UniqueCharsTester.csproj", "{FAAF357A-5B41-4300-B247-FF610A62FBA6}"
EndProject
Global
	GlobalSection(SolutionConfigurationPlatforms) = preSolution
		Debug|Any CPU = Debug|Any CPU
		Release|Any CPU = Release|Any CPU
	EndGlobalSection
	GlobalSection(ProjectConfigurationPlatforms) = postSolution
		{612A40DC-CB86-498D-8A6A-21EC9EAE3E30}.Debug|Any CPU.ActiveCfg = Debug|Any CPU
		{612A40DC-CB86-498D-8A6A-21EC9EAE3E30}.Debug|Any CPU.Build.0 = Debug|Any CPU
		{612A40DC-CB86-498D-8A6A-21EC9EAE3E30}.Release|Any CPU.ActiveCfg = Release|Any CPU
		{612A40DC-CB86-498D-8A6A-21EC9EAE3E30}.Release|Any CPU.Build.0 = Release|Any CPU
		{80E3DCE4-F6BB-4EB1-ACE4-85AC134CFAD8}.Debug|Any CPU.ActiveCfg = Debug|Any CPU
		{80E3DCE4-F6BB-4EB1-ACE4-85AC134CFAD8}.Debug|Any CPU.Build.0 = Debug|Any CPU
		{80E3DCE4-F6BB-4EB1-ACE4-85AC134CFAD8}.Release|Any CPU.ActiveCfg = Release|Any CPU
		{80E3DCE4-F6BB-4EB1-ACE4-85AC134CFAD8}.Release|Any CPU.Build.0 = Release|Any CPU
		{5751CBBD-98F4-4446-9DAE-7AAED41DDEE5}.Debug|Any CPU.ActiveCfg = Debug|Any CPU
		{5751CBBD-98F4-4446-9DAE-7AAED41DDEE5}.Debug|Any CPU.Build.0 = Debug|Any CPU
		{5751CBBD-98F4-4446-9DAE-7AAED41DDEE5}.Release|Any CPU.ActiveCfg = Release|Any CPU
		{5751CBBD-98F4-4446-9DAE-7AAED41DDEE5}.Release|Any CPU.Build.0 = Release|Any CPU
		{FAAF357A-5B41-4300-B247-FF610A62FBA6}.Debug|Any CPU.ActiveCfg = Debug|Any CPU
		{FAAF357A-5B41-4300-B247-FF610A62FBA6}.Debug|Any CPU.Build.0 = Debug|Any CPU
		{FAAF357A-5B41-4300-B247-FF610A62FBA6}.Release|Any CPU.ActiveCfg = Release|Any CPU
		{FAAF357A-5B41-4300-B247-FF610A62FBA6}.Release|Any CPU.Build.0 = Release|Any CPU
	EndGlobalSection
	GlobalSection(SolutionProperties) = preSolution
		HideSolutionNode = FALSE
	EndGlobalSection
	GlobalSection(ExtensibilityGlobals) = postSolution
		SolutionGuid = {109F6393-B7BD-47F4-A1A2-BA09D8D5ADF7}
	EndGlobalSection
EndGlobal
