
Microsoft Visual Studio Solution File, Format Version 12.00
# Visual Studio 15
VisualStudioVersion = 15.0.27130.2003
MinimumVisualStudioVersion = 10.0.40219.1
Project("{FAE04EC0-301F-11D3-BF4B-00C04F79EFBC}") = "EvenNumbers", "exercise1\EvenNumbers.csproj", "{10D5DE5C-F64B-42EA-BBA8-769D53B106BB}"
EndProject
Project("{FAE04EC0-301F-11D3-BF4B-00C04F79EFBC}") = "Average", "exercise2\Average.csproj", "{7D334139-AF86-48BB-B539-27A0141A2DDE}"
EndProject
Global
	GlobalSection(SolutionConfigurationPlatforms) = preSolution
		Debug|Any CPU = Debug|Any CPU
		Release|Any CPU = Release|Any CPU
	EndGlobalSection
	GlobalSection(ProjectConfigurationPlatforms) = postSolution
		{10D5DE5C-F64B-42EA-BBA8-769D53B106BB}.Debug|Any CPU.ActiveCfg = Debug|Any CPU
		{10D5DE5C-F64B-42EA-BBA8-769D53B106BB}.Debug|Any CPU.Build.0 = Debug|Any CPU
		{10D5DE5C-F64B-42EA-BBA8-769D53B106BB}.Release|Any CPU.ActiveCfg = Release|Any CPU
		{10D5DE5C-F64B-42EA-BBA8-769D53B106BB}.Release|Any CPU.Build.0 = Release|Any CPU
		{7D334139-AF86-48BB-B539-27A0141A2DDE}.Debug|Any CPU.ActiveCfg = Debug|Any CPU
		{7D334139-AF86-48BB-B539-27A0141A2DDE}.Debug|Any CPU.Build.0 = Debug|Any CPU
		{7D334139-AF86-48BB-B539-27A0141A2DDE}.Release|Any CPU.ActiveCfg = Release|Any CPU
		{7D334139-AF86-48BB-B539-27A0141A2DDE}.Release|Any CPU.Build.0 = Release|Any CPU
	EndGlobalSection
	GlobalSection(SolutionProperties) = preSolution
		HideSolutionNode = FALSE
	EndGlobalSection
	GlobalSection(ExtensibilityGlobals) = postSolution
		SolutionGuid = {27DC440F-2C61-4211-AAE7-2731533976F4}
	EndGlobalSection
EndGlobal
