
Microsoft Visual Studio Solution File, Format Version 12.00
# Visual Studio 15
VisualStudioVersion = 15.0.27004.2009
MinimumVisualStudioVersion = 10.0.40219.1
Project("{FAE04EC0-301F-11D3-BF4B-00C04F79EFBC}") = "anagram", "anagram\anagram.csproj", "{87AF8A96-3403-411B-8287-69AA67AE1C95}"
EndProject
Project("{FAE04EC0-301F-11D3-BF4B-00C04F79EFBC}") = "palindrome", "palindrome\palindrome.csproj", "{0F03669E-53FA-4E0F-B878-E480D19F9E68}"
EndProject
Global
	GlobalSection(SolutionConfigurationPlatforms) = preSolution
		Debug|Any CPU = Debug|Any CPU
		Release|Any CPU = Release|Any CPU
	EndGlobalSection
	GlobalSection(ProjectConfigurationPlatforms) = postSolution
		{87AF8A96-3403-411B-8287-69AA67AE1C95}.Debug|Any CPU.ActiveCfg = Debug|Any CPU
		{87AF8A96-3403-411B-8287-69AA67AE1C95}.Debug|Any CPU.Build.0 = Debug|Any CPU
		{87AF8A96-3403-411B-8287-69AA67AE1C95}.Release|Any CPU.ActiveCfg = Release|Any CPU
		{87AF8A96-3403-411B-8287-69AA67AE1C95}.Release|Any CPU.Build.0 = Release|Any CPU
		{0F03669E-53FA-4E0F-B878-E480D19F9E68}.Debug|Any CPU.ActiveCfg = Debug|Any CPU
		{0F03669E-53FA-4E0F-B878-E480D19F9E68}.Debug|Any CPU.Build.0 = Debug|Any CPU
		{0F03669E-53FA-4E0F-B878-E480D19F9E68}.Release|Any CPU.ActiveCfg = Release|Any CPU
		{0F03669E-53FA-4E0F-B878-E480D19F9E68}.Release|Any CPU.Build.0 = Release|Any CPU
	EndGlobalSection
	GlobalSection(SolutionProperties) = preSolution
		HideSolutionNode = FALSE
	EndGlobalSection
	GlobalSection(ExtensibilityGlobals) = postSolution
		SolutionGuid = {3B3E63EA-411B-4AFC-845B-A2922A03A3B2}
	EndGlobalSection
EndGlobal
