
Microsoft Visual Studio Solution File, Format Version 12.00
# Visual Studio 15
VisualStudioVersion = 15.0.27130.2010
MinimumVisualStudioVersion = 10.0.40219.1
Project("{FAE04EC0-301F-11D3-BF4B-00C04F79EFBC}") = "Counter", "Counter\Counter.csproj", "{3B5FB5D0-A5BF-4D13-9EBE-C315BD461B9D}"
EndProject
Global
	GlobalSection(SolutionConfigurationPlatforms) = preSolution
		Debug|Any CPU = Debug|Any CPU
		Release|Any CPU = Release|Any CPU
	EndGlobalSection
	GlobalSection(ProjectConfigurationPlatforms) = postSolution
		{3B5FB5D0-A5BF-4D13-9EBE-C315BD461B9D}.Debug|Any CPU.ActiveCfg = Debug|Any CPU
		{3B5FB5D0-A5BF-4D13-9EBE-C315BD461B9D}.Debug|Any CPU.Build.0 = Debug|Any CPU
		{3B5FB5D0-A5BF-4D13-9EBE-C315BD461B9D}.Release|Any CPU.ActiveCfg = Release|Any CPU
		{3B5FB5D0-A5BF-4D13-9EBE-C315BD461B9D}.Release|Any CPU.Build.0 = Release|Any CPU
	EndGlobalSection
	GlobalSection(SolutionProperties) = preSolution
		HideSolutionNode = FALSE
	EndGlobalSection
	GlobalSection(ExtensibilityGlobals) = postSolution
		SolutionGuid = {AF4A9CB4-265B-4D4E-84C9-C5821F00AD5F}
	EndGlobalSection
EndGlobal
