
Microsoft Visual Studio Solution File, Format Version 12.00
# Visual Studio 15
VisualStudioVersion = 15.0.27004.2009
MinimumVisualStudioVersion = 10.0.40219.1
Project("{FAE04EC0-301F-11D3-BF4B-00C04F79EFBC}") = "exercise1", "exercise1\exercise1.csproj", "{299E4D3C-C711-4452-9F66-18D6D07B9980}"
EndProject
Project("{FAE04EC0-301F-11D3-BF4B-00C04F79EFBC}") = "exercise3", "exercise3\exercise3.csproj", "{1D3F6BCD-D1A8-4C7B-B4C7-6885395C1799}"
EndProject
Project("{FAE04EC0-301F-11D3-BF4B-00C04F79EFBC}") = "excercise5", "excercise5\excercise5.csproj", "{5C779ACD-1707-4E6E-B3AB-CFC6737CE2B1}"
EndProject
Project("{FAE04EC0-301F-11D3-BF4B-00C04F79EFBC}") = "exercise6", "exercise6\exercise6.csproj", "{669591FC-AF7C-447C-B774-E082B307DF84}"
EndProject
Project("{FAE04EC0-301F-11D3-BF4B-00C04F79EFBC}") = "exercise7", "exercise7\exercise7.csproj", "{BB183862-A775-4A7F-AB17-B004AFF52F9E}"
EndProject
Project("{FAE04EC0-301F-11D3-BF4B-00C04F79EFBC}") = "exercise8", "exercise8\exercise8.csproj", "{00156D49-DDA6-460E-BA1F-6EAED93F1300}"
EndProject
Project("{FAE04EC0-301F-11D3-BF4B-00C04F79EFBC}") = "exercise14", "exercise14\exercise14.csproj", "{411110EE-C79F-4401-9695-C1B7BECAA56C}"
EndProject
Project("{FAE04EC0-301F-11D3-BF4B-00C04F79EFBC}") = "exercise18", "exercise18\exercise18.csproj", "{8AF908A4-AFCE-4222-A315-9E21302DC2A1}"
EndProject
Project("{FAE04EC0-301F-11D3-BF4B-00C04F79EFBC}") = "exercise23", "exercise23\exercise23.csproj", "{F6BEC773-40D8-466E-9DA8-D36B160732AC}"
EndProject
Project("{FAE04EC0-301F-11D3-BF4B-00C04F79EFBC}") = "exercise24", "exercise24\exercise24.csproj", "{167D24DD-1347-4923-82C4-0DB7F0503862}"
EndProject
Global
	GlobalSection(SolutionConfigurationPlatforms) = preSolution
		Debug|Any CPU = Debug|Any CPU
		Release|Any CPU = Release|Any CPU
	EndGlobalSection
	GlobalSection(ProjectConfigurationPlatforms) = postSolution
		{299E4D3C-C711-4452-9F66-18D6D07B9980}.Debug|Any CPU.ActiveCfg = Debug|Any CPU
		{299E4D3C-C711-4452-9F66-18D6D07B9980}.Debug|Any CPU.Build.0 = Debug|Any CPU
		{299E4D3C-C711-4452-9F66-18D6D07B9980}.Release|Any CPU.ActiveCfg = Release|Any CPU
		{299E4D3C-C711-4452-9F66-18D6D07B9980}.Release|Any CPU.Build.0 = Release|Any CPU
		{1D3F6BCD-D1A8-4C7B-B4C7-6885395C1799}.Debug|Any CPU.ActiveCfg = Debug|Any CPU
		{1D3F6BCD-D1A8-4C7B-B4C7-6885395C1799}.Debug|Any CPU.Build.0 = Debug|Any CPU
		{1D3F6BCD-D1A8-4C7B-B4C7-6885395C1799}.Release|Any CPU.ActiveCfg = Release|Any CPU
		{1D3F6BCD-D1A8-4C7B-B4C7-6885395C1799}.Release|Any CPU.Build.0 = Release|Any CPU
		{5C779ACD-1707-4E6E-B3AB-CFC6737CE2B1}.Debug|Any CPU.ActiveCfg = Debug|Any CPU
		{5C779ACD-1707-4E6E-B3AB-CFC6737CE2B1}.Debug|Any CPU.Build.0 = Debug|Any CPU
		{5C779ACD-1707-4E6E-B3AB-CFC6737CE2B1}.Release|Any CPU.ActiveCfg = Release|Any CPU
		{5C779ACD-1707-4E6E-B3AB-CFC6737CE2B1}.Release|Any CPU.Build.0 = Release|Any CPU
		{669591FC-AF7C-447C-B774-E082B307DF84}.Debug|Any CPU.ActiveCfg = Debug|Any CPU
		{669591FC-AF7C-447C-B774-E082B307DF84}.Debug|Any CPU.Build.0 = Debug|Any CPU
		{669591FC-AF7C-447C-B774-E082B307DF84}.Release|Any CPU.ActiveCfg = Release|Any CPU
		{669591FC-AF7C-447C-B774-E082B307DF84}.Release|Any CPU.Build.0 = Release|Any CPU
		{BB183862-A775-4A7F-AB17-B004AFF52F9E}.Debug|Any CPU.ActiveCfg = Debug|Any CPU
		{BB183862-A775-4A7F-AB17-B004AFF52F9E}.Debug|Any CPU.Build.0 = Debug|Any CPU
		{BB183862-A775-4A7F-AB17-B004AFF52F9E}.Release|Any CPU.ActiveCfg = Release|Any CPU
		{BB183862-A775-4A7F-AB17-B004AFF52F9E}.Release|Any CPU.Build.0 = Release|Any CPU
		{00156D49-DDA6-460E-BA1F-6EAED93F1300}.Debug|Any CPU.ActiveCfg = Debug|Any CPU
		{00156D49-DDA6-460E-BA1F-6EAED93F1300}.Debug|Any CPU.Build.0 = Debug|Any CPU
		{00156D49-DDA6-460E-BA1F-6EAED93F1300}.Release|Any CPU.ActiveCfg = Release|Any CPU
		{00156D49-DDA6-460E-BA1F-6EAED93F1300}.Release|Any CPU.Build.0 = Release|Any CPU
		{411110EE-C79F-4401-9695-C1B7BECAA56C}.Debug|Any CPU.ActiveCfg = Debug|Any CPU
		{411110EE-C79F-4401-9695-C1B7BECAA56C}.Debug|Any CPU.Build.0 = Debug|Any CPU
		{411110EE-C79F-4401-9695-C1B7BECAA56C}.Release|Any CPU.ActiveCfg = Release|Any CPU
		{411110EE-C79F-4401-9695-C1B7BECAA56C}.Release|Any CPU.Build.0 = Release|Any CPU
		{8AF908A4-AFCE-4222-A315-9E21302DC2A1}.Debug|Any CPU.ActiveCfg = Debug|Any CPU
		{8AF908A4-AFCE-4222-A315-9E21302DC2A1}.Debug|Any CPU.Build.0 = Debug|Any CPU
		{8AF908A4-AFCE-4222-A315-9E21302DC2A1}.Release|Any CPU.ActiveCfg = Release|Any CPU
		{8AF908A4-AFCE-4222-A315-9E21302DC2A1}.Release|Any CPU.Build.0 = Release|Any CPU
		{F6BEC773-40D8-466E-9DA8-D36B160732AC}.Debug|Any CPU.ActiveCfg = Debug|Any CPU
		{F6BEC773-40D8-466E-9DA8-D36B160732AC}.Debug|Any CPU.Build.0 = Debug|Any CPU
		{F6BEC773-40D8-466E-9DA8-D36B160732AC}.Release|Any CPU.ActiveCfg = Release|Any CPU
		{F6BEC773-40D8-466E-9DA8-D36B160732AC}.Release|Any CPU.Build.0 = Release|Any CPU
		{167D24DD-1347-4923-82C4-0DB7F0503862}.Debug|Any CPU.ActiveCfg = Debug|Any CPU
		{167D24DD-1347-4923-82C4-0DB7F0503862}.Debug|Any CPU.Build.0 = Debug|Any CPU
		{167D24DD-1347-4923-82C4-0DB7F0503862}.Release|Any CPU.ActiveCfg = Release|Any CPU
		{167D24DD-1347-4923-82C4-0DB7F0503862}.Release|Any CPU.Build.0 = Release|Any CPU
	EndGlobalSection
	GlobalSection(SolutionProperties) = preSolution
		HideSolutionNode = FALSE
	EndGlobalSection
	GlobalSection(ExtensibilityGlobals) = postSolution
		SolutionGuid = {25E83F0E-F9AB-4B9B-9D92-B23FBF5812C7}
	EndGlobalSection
EndGlobal
