
Microsoft Visual Studio Solution File, Format Version 12.00
# Visual Studio 15
VisualStudioVersion = 15.0.27130.2027
MinimumVisualStudioVersion = 10.0.40219.1
Project("{9A19103F-16F7-4668-BE54-9A1E7A4F7556}") = "LicencePlateSearch", "LicencePlateSearch\LicencePlateSearch.csproj", "{04B0A934-7AAC-44ED-A220-E97B0FCBE1B0}"
EndProject
Global
	GlobalSection(SolutionConfigurationPlatforms) = preSolution
		Debug|Any CPU = Debug|Any CPU
		Release|Any CPU = Release|Any CPU
	EndGlobalSection
	GlobalSection(ProjectConfigurationPlatforms) = postSolution
		{04B0A934-7AAC-44ED-A220-E97B0FCBE1B0}.Debug|Any CPU.ActiveCfg = Debug|Any CPU
		{04B0A934-7AAC-44ED-A220-E97B0FCBE1B0}.Debug|Any CPU.Build.0 = Debug|Any CPU
		{04B0A934-7AAC-44ED-A220-E97B0FCBE1B0}.Release|Any CPU.ActiveCfg = Release|Any CPU
		{04B0A934-7AAC-44ED-A220-E97B0FCBE1B0}.Release|Any CPU.Build.0 = Release|Any CPU
	EndGlobalSection
	GlobalSection(SolutionProperties) = preSolution
		HideSolutionNode = FALSE
	EndGlobalSection
	GlobalSection(ExtensibilityGlobals) = postSolution
		SolutionGuid = {F112F5FB-1D1A-4E9B-B526-E0ABC1BBD295}
	EndGlobalSection
EndGlobal
