
Microsoft Visual Studio Solution File, Format Version 12.00
# Visual Studio 15
VisualStudioVersion = 15.0.27004.2009
MinimumVisualStudioVersion = 10.0.40219.1
Project("{FAE04EC0-301F-11D3-BF4B-00C04F79EFBC}") = "01-middle lines", "01-middle lines\01-middle lines.csproj", "{3CD619B7-E6BE-41D9-8A1F-A49730E7D551}"
EndProject
Project("{FAE04EC0-301F-11D3-BF4B-00C04F79EFBC}") = "02-colored-box", "02-colored-box\02-colored-box.csproj", "{3F32375A-3AC1-4C9A-8268-349BD2E0E6E6}"
EndProject
Project("{FAE04EC0-301F-11D3-BF4B-00C04F79EFBC}") = "03-diagonals", "03-diagonals\03-diagonals.csproj", "{4C14BDA5-BD52-4CD8-A012-3BCD9787C534}"
EndProject
Project("{FAE04EC0-301F-11D3-BF4B-00C04F79EFBC}") = "04-go-to-center", "04-go-to-center\04-go-to-center.csproj", "{BED8A299-F3D8-4566-A8FE-B25DF626E489}"
EndProject
Project("{FAE04EC0-301F-11D3-BF4B-00C04F79EFBC}") = "05-horizontal", "05-horizontal\05-horizontal.csproj", "{6DA943F0-00D6-46EA-972B-0DA89B983B1B}"
EndProject
Project("{FAE04EC0-301F-11D3-BF4B-00C04F79EFBC}") = "06-centered-square", "06-centered-square\06-centered-square.csproj", "{42B2795C-426E-4227-9A24-56356D3A1EA3}"
EndProject
Global
	GlobalSection(SolutionConfigurationPlatforms) = preSolution
		Debug|Any CPU = Debug|Any CPU
		Release|Any CPU = Release|Any CPU
	EndGlobalSection
	GlobalSection(ProjectConfigurationPlatforms) = postSolution
		{3CD619B7-E6BE-41D9-8A1F-A49730E7D551}.Debug|Any CPU.ActiveCfg = Debug|Any CPU
		{3CD619B7-E6BE-41D9-8A1F-A49730E7D551}.Debug|Any CPU.Build.0 = Debug|Any CPU
		{3CD619B7-E6BE-41D9-8A1F-A49730E7D551}.Release|Any CPU.ActiveCfg = Release|Any CPU
		{3CD619B7-E6BE-41D9-8A1F-A49730E7D551}.Release|Any CPU.Build.0 = Release|Any CPU
		{3F32375A-3AC1-4C9A-8268-349BD2E0E6E6}.Debug|Any CPU.ActiveCfg = Debug|Any CPU
		{3F32375A-3AC1-4C9A-8268-349BD2E0E6E6}.Debug|Any CPU.Build.0 = Debug|Any CPU
		{3F32375A-3AC1-4C9A-8268-349BD2E0E6E6}.Release|Any CPU.ActiveCfg = Release|Any CPU
		{3F32375A-3AC1-4C9A-8268-349BD2E0E6E6}.Release|Any CPU.Build.0 = Release|Any CPU
		{4C14BDA5-BD52-4CD8-A012-3BCD9787C534}.Debug|Any CPU.ActiveCfg = Debug|Any CPU
		{4C14BDA5-BD52-4CD8-A012-3BCD9787C534}.Debug|Any CPU.Build.0 = Debug|Any CPU
		{4C14BDA5-BD52-4CD8-A012-3BCD9787C534}.Release|Any CPU.ActiveCfg = Release|Any CPU
		{4C14BDA5-BD52-4CD8-A012-3BCD9787C534}.Release|Any CPU.Build.0 = Release|Any CPU
		{BED8A299-F3D8-4566-A8FE-B25DF626E489}.Debug|Any CPU.ActiveCfg = Debug|Any CPU
		{BED8A299-F3D8-4566-A8FE-B25DF626E489}.Debug|Any CPU.Build.0 = Debug|Any CPU
		{BED8A299-F3D8-4566-A8FE-B25DF626E489}.Release|Any CPU.ActiveCfg = Release|Any CPU
		{BED8A299-F3D8-4566-A8FE-B25DF626E489}.Release|Any CPU.Build.0 = Release|Any CPU
		{6DA943F0-00D6-46EA-972B-0DA89B983B1B}.Debug|Any CPU.ActiveCfg = Debug|Any CPU
		{6DA943F0-00D6-46EA-972B-0DA89B983B1B}.Debug|Any CPU.Build.0 = Debug|Any CPU
		{6DA943F0-00D6-46EA-972B-0DA89B983B1B}.Release|Any CPU.ActiveCfg = Release|Any CPU
		{6DA943F0-00D6-46EA-972B-0DA89B983B1B}.Release|Any CPU.Build.0 = Release|Any CPU
		{42B2795C-426E-4227-9A24-56356D3A1EA3}.Debug|Any CPU.ActiveCfg = Debug|Any CPU
		{42B2795C-426E-4227-9A24-56356D3A1EA3}.Debug|Any CPU.Build.0 = Debug|Any CPU
		{42B2795C-426E-4227-9A24-56356D3A1EA3}.Release|Any CPU.ActiveCfg = Release|Any CPU
		{42B2795C-426E-4227-9A24-56356D3A1EA3}.Release|Any CPU.Build.0 = Release|Any CPU
	EndGlobalSection
	GlobalSection(SolutionProperties) = preSolution
		HideSolutionNode = FALSE
	EndGlobalSection
	GlobalSection(ExtensibilityGlobals) = postSolution
		SolutionGuid = {17279176-0A28-474B-83AE-29E934C56BFA}
	EndGlobalSection
EndGlobal
