
Microsoft Visual Studio Solution File, Format Version 12.00
# Visual Studio 15
VisualStudioVersion = 15.0.27130.2024
MinimumVisualStudioVersion = 10.0.40219.1
Project("{FAE04EC0-301F-11D3-BF4B-00C04F79EFBC}") = "IAmGroot", "IAmGroot\IAmGroot.csproj", "{097D6A68-3C42-4D9B-BC08-15515C52909F}"
EndProject
Project("{FAE04EC0-301F-11D3-BF4B-00C04F79EFBC}") = "IAmGroot.IntegrationTests", "IAmGroot.IntegrationTests\IAmGroot.IntegrationTests.csproj", "{05B64B9E-4F0C-4860-A9A2-6F695C63C781}"
EndProject
Global
	GlobalSection(SolutionConfigurationPlatforms) = preSolution
		Debug|Any CPU = Debug|Any CPU
		Release|Any CPU = Release|Any CPU
	EndGlobalSection
	GlobalSection(ProjectConfigurationPlatforms) = postSolution
		{097D6A68-3C42-4D9B-BC08-15515C52909F}.Debug|Any CPU.ActiveCfg = Debug|Any CPU
		{097D6A68-3C42-4D9B-BC08-15515C52909F}.Debug|Any CPU.Build.0 = Debug|Any CPU
		{097D6A68-3C42-4D9B-BC08-15515C52909F}.Release|Any CPU.ActiveCfg = Release|Any CPU
		{097D6A68-3C42-4D9B-BC08-15515C52909F}.Release|Any CPU.Build.0 = Release|Any CPU
		{05B64B9E-4F0C-4860-A9A2-6F695C63C781}.Debug|Any CPU.ActiveCfg = Debug|Any CPU
		{05B64B9E-4F0C-4860-A9A2-6F695C63C781}.Debug|Any CPU.Build.0 = Debug|Any CPU
		{05B64B9E-4F0C-4860-A9A2-6F695C63C781}.Release|Any CPU.ActiveCfg = Release|Any CPU
		{05B64B9E-4F0C-4860-A9A2-6F695C63C781}.Release|Any CPU.Build.0 = Release|Any CPU
	EndGlobalSection
	GlobalSection(SolutionProperties) = preSolution
		HideSolutionNode = FALSE
	EndGlobalSection
	GlobalSection(ExtensibilityGlobals) = postSolution
		SolutionGuid = {69A6C468-8BEB-4B61-A855-16F2DBAD4FC3}
	EndGlobalSection
EndGlobal
