
Microsoft Visual Studio Solution File, Format Version 12.00
# Visual Studio 15
VisualStudioVersion = 15.0.27004.2009
MinimumVisualStudioVersion = 10.0.40219.1
Project("{FAE04EC0-301F-11D3-BF4B-00C04F79EFBC}") = "01-counter", "01-counter\01-counter.csproj", "{7757CA96-FA6D-407C-8E08-90A26AF4FA2F}"
EndProject
Global
	GlobalSection(SolutionConfigurationPlatforms) = preSolution
		Debug|Any CPU = Debug|Any CPU
		Release|Any CPU = Release|Any CPU
	EndGlobalSection
	GlobalSection(ProjectConfigurationPlatforms) = postSolution
		{7757CA96-FA6D-407C-8E08-90A26AF4FA2F}.Debug|Any CPU.ActiveCfg = Debug|Any CPU
		{7757CA96-FA6D-407C-8E08-90A26AF4FA2F}.Debug|Any CPU.Build.0 = Debug|Any CPU
		{7757CA96-FA6D-407C-8E08-90A26AF4FA2F}.Release|Any CPU.ActiveCfg = Release|Any CPU
		{7757CA96-FA6D-407C-8E08-90A26AF4FA2F}.Release|Any CPU.Build.0 = Release|Any CPU
	EndGlobalSection
	GlobalSection(SolutionProperties) = preSolution
		HideSolutionNode = FALSE
	EndGlobalSection
	GlobalSection(ExtensibilityGlobals) = postSolution
		SolutionGuid = {A76FE8E9-5AAB-4D65-B7D2-2C0E53F4B724}
	EndGlobalSection
EndGlobal
