
Microsoft Visual Studio Solution File, Format Version 12.00
# Visual Studio 15
VisualStudioVersion = 15.0.27004.2009
MinimumVisualStudioVersion = 10.0.40219.1
Project("{FAE04EC0-301F-11D3-BF4B-00C04F79EFBC}") = "01-counter", "01-counter\01-counter.csproj", "{7757CA96-FA6D-407C-8E08-90A26AF4FA2F}"
EndProject
Project("{FAE04EC0-301F-11D3-BF4B-00C04F79EFBC}") = "02-numberadder", "02-numberadder\02-numberadder.csproj", "{27F65A75-E0C6-41E2-95D4-C5A2AE3AF79A}"
EndProject
Project("{FAE04EC0-301F-11D3-BF4B-00C04F79EFBC}") = "03-sumdigit", "03-sumdigit\03-sumdigit.csproj", "{F428AD5B-45A8-4E3B-83C7-43146A994C69}"
EndProject
Project("{FAE04EC0-301F-11D3-BF4B-00C04F79EFBC}") = "04-powerN", "04-powerN\04-powerN.csproj", "{6A5D3454-3F7F-422C-93F0-99A6A85BBBC1}"
EndProject
Project("{FAE04EC0-301F-11D3-BF4B-00C04F79EFBC}") = "05-bunnies", "05-bunnies\05-bunnies.csproj", "{6F6FFF6B-DBE1-499C-B6EE-F95590AA3A96}"
EndProject
Project("{FAE04EC0-301F-11D3-BF4B-00C04F79EFBC}") = "06-bunnies2", "06-bunnies2\06-bunnies2.csproj", "{C24B8C0A-C4D4-41EF-BBD1-FED764955C6F}"
EndProject
Global
	GlobalSection(SolutionConfigurationPlatforms) = preSolution
		Debug|Any CPU = Debug|Any CPU
		Release|Any CPU = Release|Any CPU
	EndGlobalSection
	GlobalSection(ProjectConfigurationPlatforms) = postSolution
		{7757CA96-FA6D-407C-8E08-90A26AF4FA2F}.Debug|Any CPU.ActiveCfg = Debug|Any CPU
		{7757CA96-FA6D-407C-8E08-90A26AF4FA2F}.Debug|Any CPU.Build.0 = Debug|Any CPU
		{7757CA96-FA6D-407C-8E08-90A26AF4FA2F}.Release|Any CPU.ActiveCfg = Release|Any CPU
		{7757CA96-FA6D-407C-8E08-90A26AF4FA2F}.Release|Any CPU.Build.0 = Release|Any CPU
		{27F65A75-E0C6-41E2-95D4-C5A2AE3AF79A}.Debug|Any CPU.ActiveCfg = Debug|Any CPU
		{27F65A75-E0C6-41E2-95D4-C5A2AE3AF79A}.Debug|Any CPU.Build.0 = Debug|Any CPU
		{27F65A75-E0C6-41E2-95D4-C5A2AE3AF79A}.Release|Any CPU.ActiveCfg = Release|Any CPU
		{27F65A75-E0C6-41E2-95D4-C5A2AE3AF79A}.Release|Any CPU.Build.0 = Release|Any CPU
		{F428AD5B-45A8-4E3B-83C7-43146A994C69}.Debug|Any CPU.ActiveCfg = Debug|Any CPU
		{F428AD5B-45A8-4E3B-83C7-43146A994C69}.Debug|Any CPU.Build.0 = Debug|Any CPU
		{F428AD5B-45A8-4E3B-83C7-43146A994C69}.Release|Any CPU.ActiveCfg = Release|Any CPU
		{F428AD5B-45A8-4E3B-83C7-43146A994C69}.Release|Any CPU.Build.0 = Release|Any CPU
		{6A5D3454-3F7F-422C-93F0-99A6A85BBBC1}.Debug|Any CPU.ActiveCfg = Debug|Any CPU
		{6A5D3454-3F7F-422C-93F0-99A6A85BBBC1}.Debug|Any CPU.Build.0 = Debug|Any CPU
		{6A5D3454-3F7F-422C-93F0-99A6A85BBBC1}.Release|Any CPU.ActiveCfg = Release|Any CPU
		{6A5D3454-3F7F-422C-93F0-99A6A85BBBC1}.Release|Any CPU.Build.0 = Release|Any CPU
		{6F6FFF6B-DBE1-499C-B6EE-F95590AA3A96}.Debug|Any CPU.ActiveCfg = Debug|Any CPU
		{6F6FFF6B-DBE1-499C-B6EE-F95590AA3A96}.Debug|Any CPU.Build.0 = Debug|Any CPU
		{6F6FFF6B-DBE1-499C-B6EE-F95590AA3A96}.Release|Any CPU.ActiveCfg = Release|Any CPU
		{6F6FFF6B-DBE1-499C-B6EE-F95590AA3A96}.Release|Any CPU.Build.0 = Release|Any CPU
		{C24B8C0A-C4D4-41EF-BBD1-FED764955C6F}.Debug|Any CPU.ActiveCfg = Debug|Any CPU
		{C24B8C0A-C4D4-41EF-BBD1-FED764955C6F}.Debug|Any CPU.Build.0 = Debug|Any CPU
		{C24B8C0A-C4D4-41EF-BBD1-FED764955C6F}.Release|Any CPU.ActiveCfg = Release|Any CPU
		{C24B8C0A-C4D4-41EF-BBD1-FED764955C6F}.Release|Any CPU.Build.0 = Release|Any CPU
	EndGlobalSection
	GlobalSection(SolutionProperties) = preSolution
		HideSolutionNode = FALSE
	EndGlobalSection
	GlobalSection(ExtensibilityGlobals) = postSolution
		SolutionGuid = {A76FE8E9-5AAB-4D65-B7D2-2C0E53F4B724}
	EndGlobalSection
EndGlobal
