
Microsoft Visual Studio Solution File, Format Version 12.00
# Visual Studio 15
VisualStudioVersion = 15.0.27004.2009
MinimumVisualStudioVersion = 10.0.40219.1
Project("{FAE04EC0-301F-11D3-BF4B-00C04F79EFBC}") = "exercise1", "exercise1\exercise1.csproj", "{AAF09F77-76C5-43DD-ACCF-DA300ED2A9FE}"
EndProject
Project("{FAE04EC0-301F-11D3-BF4B-00C04F79EFBC}") = "exercise2", "..\exercise2\exercise2.csproj", "{95960691-F246-47F6-AED5-1B09527D755E}"
EndProject
Project("{FAE04EC0-301F-11D3-BF4B-00C04F79EFBC}") = "exercise3", "..\ConsoleApp1\exercise3.csproj", "{38332919-D980-42A3-A384-A70B13696688}"
EndProject
Global
	GlobalSection(SolutionConfigurationPlatforms) = preSolution
		Debug|Any CPU = Debug|Any CPU
		Release|Any CPU = Release|Any CPU
	EndGlobalSection
	GlobalSection(ProjectConfigurationPlatforms) = postSolution
		{AAF09F77-76C5-43DD-ACCF-DA300ED2A9FE}.Debug|Any CPU.ActiveCfg = Debug|Any CPU
		{AAF09F77-76C5-43DD-ACCF-DA300ED2A9FE}.Debug|Any CPU.Build.0 = Debug|Any CPU
		{AAF09F77-76C5-43DD-ACCF-DA300ED2A9FE}.Release|Any CPU.ActiveCfg = Release|Any CPU
		{AAF09F77-76C5-43DD-ACCF-DA300ED2A9FE}.Release|Any CPU.Build.0 = Release|Any CPU
		{95960691-F246-47F6-AED5-1B09527D755E}.Debug|Any CPU.ActiveCfg = Debug|Any CPU
		{95960691-F246-47F6-AED5-1B09527D755E}.Debug|Any CPU.Build.0 = Debug|Any CPU
		{95960691-F246-47F6-AED5-1B09527D755E}.Release|Any CPU.ActiveCfg = Release|Any CPU
		{95960691-F246-47F6-AED5-1B09527D755E}.Release|Any CPU.Build.0 = Release|Any CPU
		{38332919-D980-42A3-A384-A70B13696688}.Debug|Any CPU.ActiveCfg = Debug|Any CPU
		{38332919-D980-42A3-A384-A70B13696688}.Debug|Any CPU.Build.0 = Debug|Any CPU
		{38332919-D980-42A3-A384-A70B13696688}.Release|Any CPU.ActiveCfg = Release|Any CPU
		{38332919-D980-42A3-A384-A70B13696688}.Release|Any CPU.Build.0 = Release|Any CPU
	EndGlobalSection
	GlobalSection(SolutionProperties) = preSolution
		HideSolutionNode = FALSE
	EndGlobalSection
	GlobalSection(ExtensibilityGlobals) = postSolution
		SolutionGuid = {2569D211-D7AB-42FC-858A-58F0DA60EC93}
	EndGlobalSection
EndGlobal
