
Microsoft Visual Studio Solution File, Format Version 12.00
# Visual Studio 15
VisualStudioVersion = 15.0.27130.2010
MinimumVisualStudioVersion = 10.0.40219.1
Project("{FAE04EC0-301F-11D3-BF4B-00C04F79EFBC}") = "BankOfSimba", "BankOfSimba\BankOfSimba.csproj", "{6BD7B725-CB74-41C7-8639-69DDF36B6918}"
EndProject
Global
	GlobalSection(SolutionConfigurationPlatforms) = preSolution
		Debug|Any CPU = Debug|Any CPU
		Release|Any CPU = Release|Any CPU
	EndGlobalSection
	GlobalSection(ProjectConfigurationPlatforms) = postSolution
		{6BD7B725-CB74-41C7-8639-69DDF36B6918}.Debug|Any CPU.ActiveCfg = Debug|Any CPU
		{6BD7B725-CB74-41C7-8639-69DDF36B6918}.Debug|Any CPU.Build.0 = Debug|Any CPU
		{6BD7B725-CB74-41C7-8639-69DDF36B6918}.Release|Any CPU.ActiveCfg = Release|Any CPU
		{6BD7B725-CB74-41C7-8639-69DDF36B6918}.Release|Any CPU.Build.0 = Release|Any CPU
	EndGlobalSection
	GlobalSection(SolutionProperties) = preSolution
		HideSolutionNode = FALSE
	EndGlobalSection
	GlobalSection(ExtensibilityGlobals) = postSolution
		SolutionGuid = {4754D617-18BF-4AEE-80AE-B491E4CBF13E}
	EndGlobalSection
EndGlobal
